
Microsoft Visual Studio Solution File, Format Version 12.00
# Visual Studio 14
VisualStudioVersion = 14.0.25420.1
MinimumVisualStudioVersion = 10.0.40219.1
Project("{FAE04EC0-301F-11D3-BF4B-00C04F79EFBC}") = "Zopa.ServiceDiagnostics", "Zopa.ServiceDiagnostics\Zopa.ServiceDiagnostics.csproj", "{1FBE2BCB-6341-4520-A20F-AF51EC30CBBC}"
EndProject
Project("{FAE04EC0-301F-11D3-BF4B-00C04F79EFBC}") = "Zopa.ServiceDiagnostics.Tests", "Zopa.ServiceDiagnostics.Tests\Zopa.ServiceDiagnostics.Tests.csproj", "{10BBF17A-B307-435A-AFD3-D01C18915F10}"
EndProject
Project("{2150E333-8FDC-42A3-9474-1A3956D46DE8}") = "Solution Items", "Solution Items", "{5126809A-0683-459F-A166-0875500F9B32}"
	ProjectSection(SolutionItems) = preProject
		build.cake = build.cake
		README.md = README.md
	EndProjectSection
EndProject
Global
	GlobalSection(SolutionConfigurationPlatforms) = preSolution
		Debug|Any CPU = Debug|Any CPU
		Release|Any CPU = Release|Any CPU
	EndGlobalSection
	GlobalSection(ProjectConfigurationPlatforms) = postSolution
		{1FBE2BCB-6341-4520-A20F-AF51EC30CBBC}.Debug|Any CPU.ActiveCfg = Debug|Any CPU
		{1FBE2BCB-6341-4520-A20F-AF51EC30CBBC}.Debug|Any CPU.Build.0 = Debug|Any CPU
		{1FBE2BCB-6341-4520-A20F-AF51EC30CBBC}.Release|Any CPU.ActiveCfg = Release|Any CPU
		{1FBE2BCB-6341-4520-A20F-AF51EC30CBBC}.Release|Any CPU.Build.0 = Release|Any CPU
		{10BBF17A-B307-435A-AFD3-D01C18915F10}.Debug|Any CPU.ActiveCfg = Debug|Any CPU
		{10BBF17A-B307-435A-AFD3-D01C18915F10}.Debug|Any CPU.Build.0 = Debug|Any CPU
		{10BBF17A-B307-435A-AFD3-D01C18915F10}.Release|Any CPU.ActiveCfg = Release|Any CPU
		{10BBF17A-B307-435A-AFD3-D01C18915F10}.Release|Any CPU.Build.0 = Release|Any CPU
	EndGlobalSection
	GlobalSection(SolutionProperties) = preSolution
		HideSolutionNode = FALSE
	EndGlobalSection
EndGlobal
